
Microsoft Visual Studio Solution File, Format Version 12.00
# Visual Studio 15
VisualStudioVersion = 15.0.28010.2050
MinimumVisualStudioVersion = 10.0.40219.1
Project("{FAE04EC0-301F-11D3-BF4B-00C04F79EFBC}") = "HOMEwork for Artem", "HOMEwork for Artem\HOMEwork for Artem.csproj", "{CD9442EE-848B-4AF8-8F69-CEBBA331A13B}"
EndProject
Project("{FAE04EC0-301F-11D3-BF4B-00C04F79EFBC}") = "exsisase 2", "exsisase 2\exsisase 2.csproj", "{7F8F43CA-DF8C-4BAA-BF0E-B88B79F64166}"
EndProject
Project("{FAE04EC0-301F-11D3-BF4B-00C04F79EFBC}") = "exercise 3", "exercise 3\exercise 3.csproj", "{913D3C96-A55D-490F-A8A4-C8794F0426B8}"
EndProject
Project("{FAE04EC0-301F-11D3-BF4B-00C04F79EFBC}") = "exercise 3.1 new", "exercise 3.1 new\exercise 3.1 new.csproj", "{29A43CAF-27FD-4871-B167-4A944484F85D}"
EndProject
Global
	GlobalSection(SolutionConfigurationPlatforms) = preSolution
		Debug|Any CPU = Debug|Any CPU
		Release|Any CPU = Release|Any CPU
	EndGlobalSection
	GlobalSection(ProjectConfigurationPlatforms) = postSolution
		{CD9442EE-848B-4AF8-8F69-CEBBA331A13B}.Debug|Any CPU.ActiveCfg = Debug|Any CPU
		{CD9442EE-848B-4AF8-8F69-CEBBA331A13B}.Debug|Any CPU.Build.0 = Debug|Any CPU
		{CD9442EE-848B-4AF8-8F69-CEBBA331A13B}.Release|Any CPU.ActiveCfg = Release|Any CPU
		{CD9442EE-848B-4AF8-8F69-CEBBA331A13B}.Release|Any CPU.Build.0 = Release|Any CPU
		{7F8F43CA-DF8C-4BAA-BF0E-B88B79F64166}.Debug|Any CPU.ActiveCfg = Debug|Any CPU
		{7F8F43CA-DF8C-4BAA-BF0E-B88B79F64166}.Debug|Any CPU.Build.0 = Debug|Any CPU
		{7F8F43CA-DF8C-4BAA-BF0E-B88B79F64166}.Release|Any CPU.ActiveCfg = Release|Any CPU
		{7F8F43CA-DF8C-4BAA-BF0E-B88B79F64166}.Release|Any CPU.Build.0 = Release|Any CPU
		{913D3C96-A55D-490F-A8A4-C8794F0426B8}.Debug|Any CPU.ActiveCfg = Debug|Any CPU
		{913D3C96-A55D-490F-A8A4-C8794F0426B8}.Debug|Any CPU.Build.0 = Debug|Any CPU
		{913D3C96-A55D-490F-A8A4-C8794F0426B8}.Release|Any CPU.ActiveCfg = Release|Any CPU
		{913D3C96-A55D-490F-A8A4-C8794F0426B8}.Release|Any CPU.Build.0 = Release|Any CPU
		{29A43CAF-27FD-4871-B167-4A944484F85D}.Debug|Any CPU.ActiveCfg = Debug|Any CPU
		{29A43CAF-27FD-4871-B167-4A944484F85D}.Debug|Any CPU.Build.0 = Debug|Any CPU
		{29A43CAF-27FD-4871-B167-4A944484F85D}.Release|Any CPU.ActiveCfg = Release|Any CPU
		{29A43CAF-27FD-4871-B167-4A944484F85D}.Release|Any CPU.Build.0 = Release|Any CPU
	EndGlobalSection
	GlobalSection(SolutionProperties) = preSolution
		HideSolutionNode = FALSE
	EndGlobalSection
	GlobalSection(ExtensibilityGlobals) = postSolution
		SolutionGuid = {B3DF561B-3361-4492-AFDF-01E8C902D167}
	EndGlobalSection
EndGlobal
